
Microsoft Visual Studio Solution File, Format Version 12.00
# Visual Studio Version 17
VisualStudioVersion = 17.9.34728.123
MinimumVisualStudioVersion = 10.0.40219.1
Project("{FAE04EC0-301F-11D3-BF4B-00C04F79EFBC}") = "InstantBudget", "InstantBudget\InstantBudget.csproj", "{A44B9745-04A6-462F-8FCC-248EC2F01C82}"
EndProject
Project("{FAE04EC0-301F-11D3-BF4B-00C04F79EFBC}") = "InstantBudget.Math", "InstantBudget.Math\InstantBudget.Math.csproj", "{FB0F6E5E-1FC4-4CDC-89E1-4406A25C1086}"
EndProject
Global
	GlobalSection(SolutionConfigurationPlatforms) = preSolution
		Debug|Any CPU = Debug|Any CPU
		Release|Any CPU = Release|Any CPU
	EndGlobalSection
	GlobalSection(ProjectConfigurationPlatforms) = postSolution
		{A44B9745-04A6-462F-8FCC-248EC2F01C82}.Debug|Any CPU.ActiveCfg = Debug|Any CPU
		{A44B9745-04A6-462F-8FCC-248EC2F01C82}.Debug|Any CPU.Build.0 = Debug|Any CPU
		{A44B9745-04A6-462F-8FCC-248EC2F01C82}.Release|Any CPU.ActiveCfg = Release|Any CPU
		{A44B9745-04A6-462F-8FCC-248EC2F01C82}.Release|Any CPU.Build.0 = Release|Any CPU
		{FB0F6E5E-1FC4-4CDC-89E1-4406A25C1086}.Debug|Any CPU.ActiveCfg = Debug|Any CPU
		{FB0F6E5E-1FC4-4CDC-89E1-4406A25C1086}.Debug|Any CPU.Build.0 = Debug|Any CPU
		{FB0F6E5E-1FC4-4CDC-89E1-4406A25C1086}.Release|Any CPU.ActiveCfg = Release|Any CPU
		{FB0F6E5E-1FC4-4CDC-89E1-4406A25C1086}.Release|Any CPU.Build.0 = Release|Any CPU
	EndGlobalSection
	GlobalSection(SolutionProperties) = preSolution
		HideSolutionNode = FALSE
	EndGlobalSection
	GlobalSection(ExtensibilityGlobals) = postSolution
		SolutionGuid = {7699C12F-9500-464E-9125-BB950C93629C}
	EndGlobalSection
EndGlobal
